// !$*UTF8*$!
{
	archiveVersion = 1;
	classes = {
	};
	objectVersion = 55;
	objects = {

/* Begin PBXBuildFile section */
		BD22139528933B1700A62B34 /* AppDelegate.swift in Sources */ = {isa = PBXBuildFile; fileRef = BD22139428933B1700A62B34 /* AppDelegate.swift */; };
		BD22139728933B1700A62B34 /* SceneDelegate.swift in Sources */ = {isa = PBXBuildFile; fileRef = BD22139628933B1700A62B34 /* SceneDelegate.swift */; };
		BD22139928933B1700A62B34 /* ViewController.swift in Sources */ = {isa = PBXBuildFile; fileRef = BD22139828933B1700A62B34 /* ViewController.swift */; };
		BD22139C28933B1700A62B34 /* Main.storyboard in Resources */ = {isa = PBXBuildFile; fileRef = BD22139A28933B1700A62B34 /* Main.storyboard */; };
		BD22139E28933B1900A62B34 /* Assets.xcassets in Resources */ = {isa = PBXBuildFile; fileRef = BD22139D28933B1900A62B34 /* Assets.xcassets */; };
		BD2213A128933B1900A62B34 /* LaunchScreen.storyboard in Resources */ = {isa = PBXBuildFile; fileRef = BD22139F28933B1900A62B34 /* LaunchScreen.storyboard */; };
		BD2213AC28933B1900A62B34 /* miniProject2Tests.swift in Sources */ = {isa = PBXBuildFile; fileRef = BD2213AB28933B1900A62B34 /* miniProject2Tests.swift */; };
		BD2213B628933B1900A62B34 /* miniProject2UITests.swift in Sources */ = {isa = PBXBuildFile; fileRef = BD2213B528933B1900A62B34 /* miniProject2UITests.swift */; };
		BD2213B828933B1900A62B34 /* miniProject2UITestsLaunchTests.swift in Sources */ = {isa = PBXBuildFile; fileRef = BD2213B728933B1900A62B34 /* miniProject2UITestsLaunchTests.swift */; };
		BD2213C52893441300A62B34 /* ViewController2.swift in Sources */ = {isa = PBXBuildFile; fileRef = BD2213C42893441300A62B34 /* ViewController2.swift */; };
		BD2213C72893445A00A62B34 /* ViewController3.swift in Sources */ = {isa = PBXBuildFile; fileRef = BD2213C62893445A00A62B34 /* ViewController3.swift */; };
/* End PBXBuildFile section */

/* Begin PBXContainerItemProxy section */
		BD2213A828933B1900A62B34 /* PBXContainerItemProxy */ = {
			isa = PBXContainerItemProxy;
			containerPortal = BD22138928933B1700A62B34 /* Project object */;
			proxyType = 1;
			remoteGlobalIDString = BD22139028933B1700A62B34;
			remoteInfo = miniProject2;
		};
		BD2213B228933B1900A62B34 /* PBXContainerItemProxy */ = {
			isa = PBXContainerItemProxy;
			containerPortal = BD22138928933B1700A62B34 /* Project object */;
			proxyType = 1;
			remoteGlobalIDString = BD22139028933B1700A62B34;
			remoteInfo = miniProject2;
		};
/* End PBXContainerItemProxy section */

/* Begin PBXFileReference section */
		BD22139128933B1700A62B34 /* miniProject2.app */ = {isa = PBXFileReference; explicitFileType = wrapper.application; includeInIndex = 0; path = miniProject2.app; sourceTree = BUILT_PRODUCTS_DIR; };
		BD22139428933B1700A62B34 /* AppDelegate.swift */ = {isa = PBXFileReference; lastKnownFileType = sourcecode.swift; path = AppDelegate.swift; sourceTree = "<group>"; };
		BD22139628933B1700A62B34 /* SceneDelegate.swift */ = {isa = PBXFileReference; lastKnownFileType = sourcecode.swift; path = SceneDelegate.swift; sourceTree = "<group>"; };
		BD22139828933B1700A62B34 /* ViewController.swift */ = {isa = PBXFileReference; lastKnownFileType = sourcecode.swift; path = ViewController.swift; sourceTree = "<group>"; };
		BD22139B28933B1700A62B34 /* Base */ = {isa = PBXFileReference; lastKnownFileType = file.storyboard; name = Base; path = Base.lproj/Main.storyboard; sourceTree = "<group>"; };
		BD22139D28933B1900A62B34 /* Assets.xcassets */ = {isa = PBXFileReference; lastKnownFileType = folder.assetcatalog; path = Assets.xcassets; sourceTree = "<group>"; };
		BD2213A028933B1900A62B34 /* Base */ = {isa = PBXFileReference; lastKnownFileType = file.storyboard; name = Base; path = Base.lproj/LaunchScreen.storyboard; sourceTree = "<group>"; };
		BD2213A228933B1900A62B34 /* Info.plist */ = {isa = PBXFileReference; lastKnownFileType = text.plist.xml; path = Info.plist; sourceTree = "<group>"; };
		BD2213A728933B1900A62B34 /* miniProject2Tests.xctest */ = {isa = PBXFileReference; explicitFileType = wrapper.cfbundle; includeInIndex = 0; path = miniProject2Tests.xctest; sourceTree = BUILT_PRODUCTS_DIR; };
		BD2213AB28933B1900A62B34 /* miniProject2Tests.swift */ = {isa = PBXFileReference; lastKnownFileType = sourcecode.swift; path = miniProject2Tests.swift; sourceTree = "<group>"; };
		BD2213B128933B1900A62B34 /* miniProject2UITests.xctest */ = {isa = PBXFileReference; explicitFileType = wrapper.cfbundle; includeInIndex = 0; path = miniProject2UITests.xctest; sourceTree = BUILT_PRODUCTS_DIR; };
		BD2213B528933B1900A62B34 /* miniProject2UITests.swift */ = {isa = PBXFileReference; lastKnownFileType = sourcecode.swift; path = miniProject2UITests.swift; sourceTree = "<group>"; };
		BD2213B728933B1900A62B34 /* miniProject2UITestsLaunchTests.swift */ = {isa = PBXFileReference; lastKnownFileType = sourcecode.swift; path = miniProject2UITestsLaunchTests.swift; sourceTree = "<group>"; };
		BD2213C42893441300A62B34 /* ViewController2.swift */ = {isa = PBXFileReference; lastKnownFileType = sourcecode.swift; path = ViewController2.swift; sourceTree = "<group>"; };
		BD2213C62893445A00A62B34 /* ViewController3.swift */ = {isa = PBXFileReference; lastKnownFileType = sourcecode.swift; path = ViewController3.swift; sourceTree = "<group>"; };
/* End PBXFileReference section */

/* Begin PBXFrameworksBuildPhase section */
		BD22138E28933B1700A62B34 /* Frameworks */ = {
			isa = PBXFrameworksBuildPhase;
			buildActionMask = 2147483647;
			files = (
			);
			runOnlyForDeploymentPostprocessing = 0;
		};
		BD2213A428933B1900A62B34 /* Frameworks */ = {
			isa = PBXFrameworksBuildPhase;
			buildActionMask = 2147483647;
			files = (
			);
			runOnlyForDeploymentPostprocessing = 0;
		};
		BD2213AE28933B1900A62B34 /* Frameworks */ = {
			isa = PBXFrameworksBuildPhase;
			buildActionMask = 2147483647;
			files = (
			);
			runOnlyForDeploymentPostprocessing = 0;
		};
/* End PBXFrameworksBuildPhase section */

/* Begin PBXGroup section */
		BD22138828933B1700A62B34 = {
			isa = PBXGroup;
			children = (
				BD22139328933B1700A62B34 /* miniProject2 */,
				BD2213AA28933B1900A62B34 /* miniProject2Tests */,
				BD2213B428933B1900A62B34 /* miniProject2UITests */,
				BD22139228933B1700A62B34 /* Products */,
			);
			sourceTree = "<group>";
		};
		BD22139228933B1700A62B34 /* Products */ = {
			isa = PBXGroup;
			children = (
				BD22139128933B1700A62B34 /* miniProject2.app */,
				BD2213A728933B1900A62B34 /* miniProject2Tests.xctest */,
				BD2213B128933B1900A62B34 /* miniProject2UITests.xctest */,
			);
			name = Products;
			sourceTree = "<group>";
		};
		BD22139328933B1700A62B34 /* miniProject2 */ = {
			isa = PBXGroup;
			children = (
				BD22139428933B1700A62B34 /* AppDelegate.swift */,
				BD22139628933B1700A62B34 /* SceneDelegate.swift */,
				BD22139828933B1700A62B34 /* ViewController.swift */,
				BD22139A28933B1700A62B34 /* Main.storyboard */,
				BD2213C62893445A00A62B34 /* ViewController3.swift */,
				BD2213C42893441300A62B34 /* ViewController2.swift */,
				BD22139D28933B1900A62B34 /* Assets.xcassets */,
				BD22139F28933B1900A62B34 /* LaunchScreen.storyboard */,
				BD2213A228933B1900A62B34 /* Info.plist */,
			);
			path = miniProject2;
			sourceTree = "<group>";
		};
		BD2213AA28933B1900A62B34 /* miniProject2Tests */ = {
			isa = PBXGroup;
			children = (
				BD2213AB28933B1900A62B34 /* miniProject2Tests.swift */,
			);
			path = miniProject2Tests;
			sourceTree = "<group>";
		};
		BD2213B428933B1900A62B34 /* miniProject2UITests */ = {
			isa = PBXGroup;
			children = (
				BD2213B528933B1900A62B34 /* miniProject2UITests.swift */,
				BD2213B728933B1900A62B34 /* miniProject2UITestsLaunchTests.swift */,
			);
			path = miniProject2UITests;
			sourceTree = "<group>";
		};
/* End PBXGroup section */

/* Begin PBXNativeTarget section */
		BD22139028933B1700A62B34 /* miniProject2 */ = {
			isa = PBXNativeTarget;
			buildConfigurationList = BD2213BB28933B1900A62B34 /* Build configuration list for PBXNativeTarget "miniProject2" */;
			buildPhases = (
				BD22138D28933B1700A62B34 /* Sources */,
				BD22138E28933B1700A62B34 /* Frameworks */,
				BD22138F28933B1700A62B34 /* Resources */,
			);
			buildRules = (
			);
			dependencies = (
			);
			name = miniProject2;
			productName = miniProject2;
			productReference = BD22139128933B1700A62B34 /* miniProject2.app */;
			productType = "com.apple.product-type.application";
		};
		BD2213A628933B1900A62B34 /* miniProject2Tests */ = {
			isa = PBXNativeTarget;
			buildConfigurationList = BD2213BE28933B1900A62B34 /* Build configuration list for PBXNativeTarget "miniProject2Tests" */;
			buildPhases = (
				BD2213A328933B1900A62B34 /* Sources */,
				BD2213A428933B1900A62B34 /* Frameworks */,
				BD2213A528933B1900A62B34 /* Resources */,
			);
			buildRules = (
			);
			dependencies = (
				BD2213A928933B1900A62B34 /* PBXTargetDependency */,
			);
			name = miniProject2Tests;
			productName = miniProject2Tests;
			productReference = BD2213A728933B1900A62B34 /* miniProject2Tests.xctest */;
			productType = "com.apple.product-type.bundle.unit-test";
		};
		BD2213B028933B1900A62B34 /* miniProject2UITests */ = {
			isa = PBXNativeTarget;
			buildConfigurationList = BD2213C128933B1900A62B34 /* Build configuration list for PBXNativeTarget "miniProject2UITests" */;
			buildPhases = (
				BD2213AD28933B1900A62B34 /* Sources */,
				BD2213AE28933B1900A62B34 /* Frameworks */,
				BD2213AF28933B1900A62B34 /* Resources */,
			);
			buildRules = (
			);
			dependencies = (
				BD2213B328933B1900A62B34 /* PBXTargetDependency */,
			);
			name = miniProject2UITests;
			productName = miniProject2UITests;
			productReference = BD2213B128933B1900A62B34 /* miniProject2UITests.xctest */;
			productType = "com.apple.product-type.bundle.ui-testing";
		};
/* End PBXNativeTarget section */

/* Begin PBXProject section */
		BD22138928933B1700A62B34 /* Project object */ = {
			isa = PBXProject;
			attributes = {
				BuildIndependentTargetsInParallel = 1;
				LastSwiftUpdateCheck = 1340;
				LastUpgradeCheck = 1340;
				TargetAttributes = {
					BD22139028933B1700A62B34 = {
						CreatedOnToolsVersion = 13.4.1;
					};
					BD2213A628933B1900A62B34 = {
						CreatedOnToolsVersion = 13.4.1;
						TestTargetID = BD22139028933B1700A62B34;
					};
					BD2213B028933B1900A62B34 = {
						CreatedOnToolsVersion = 13.4.1;
						TestTargetID = BD22139028933B1700A62B34;
					};
				};
			};
			buildConfigurationList = BD22138C28933B1700A62B34 /* Build configuration list for PBXProject "miniProject2" */;
			compatibilityVersion = "Xcode 13.0";
			developmentRegion = en;
			hasScannedForEncodings = 0;
			knownRegions = (
				en,
				Base,
			);
			mainGroup = BD22138828933B1700A62B34;
			productRefGroup = BD22139228933B1700A62B34 /* Products */;
			projectDirPath = "";
			projectRoot = "";
			targets = (
				BD22139028933B1700A62B34 /* miniProject2 */,
				BD2213A628933B1900A62B34 /* miniProject2Tests */,
				BD2213B028933B1900A62B34 /* miniProject2UITests */,
			);
		};
/* End PBXProject section */

/* Begin PBXResourcesBuildPhase section */
		BD22138F28933B1700A62B34 /* Resources */ = {
			isa = PBXResourcesBuildPhase;
			buildActionMask = 2147483647;
			files = (
				BD2213A128933B1900A62B34 /* LaunchScreen.storyboard in Resources */,
				BD22139E28933B1900A62B34 /* Assets.xcassets in Resources */,
				BD22139C28933B1700A62B34 /* Main.storyboard in Resources */,
			);
			runOnlyForDeploymentPostprocessing = 0;
		};
		BD2213A528933B1900A62B34 /* Resources */ = {
			isa = PBXResourcesBuildPhase;
			buildActionMask = 2147483647;
			files = (
			);
			runOnlyForDeploymentPostprocessing = 0;
		};
		BD2213AF28933B1900A62B34 /* Resources */ = {
			isa = PBXResourcesBuildPhase;
			buildActionMask = 2147483647;
			files = (
			);
			runOnlyForDeploymentPostprocessing = 0;
		};
/* End PBXResourcesBuildPhase section */

/* Begin PBXSourcesBuildPhase section */
		BD22138D28933B1700A62B34 /* Sources */ = {
			isa = PBXSourcesBuildPhase;
			buildActionMask = 2147483647;
			files = (
				BD2213C72893445A00A62B34 /* ViewController3.swift in Sources */,
				BD22139928933B1700A62B34 /* ViewController.swift in Sources */,
				BD2213C52893441300A62B34 /* ViewController2.swift in Sources */,
				BD22139528933B1700A62B34 /* AppDelegate.swift in Sources */,
				BD22139728933B1700A62B34 /* SceneDelegate.swift in Sources */,
			);
			runOnlyForDeploymentPostprocessing = 0;
		};
		BD2213A328933B1900A62B34 /* Sources */ = {
			isa = PBXSourcesBuildPhase;
			buildActionMask = 2147483647;
			files = (
				BD2213AC28933B1900A62B34 /* miniProject2Tests.swift in Sources */,
			);
			runOnlyForDeploymentPostprocessing = 0;
		};
		BD2213AD28933B1900A62B34 /* Sources */ = {
			isa = PBXSourcesBuildPhase;
			buildActionMask = 2147483647;
			files = (
				BD2213B828933B1900A62B34 /* miniProject2UITestsLaunchTests.swift in Sources */,
				BD2213B628933B1900A62B34 /* miniProject2UITests.swift in Sources */,
			);
			runOnlyForDeploymentPostprocessing = 0;
		};
/* End PBXSourcesBuildPhase section */

/* Begin PBXTargetDependency section */
		BD2213A928933B1900A62B34 /* PBXTargetDependency */ = {
			isa = PBXTargetDependency;
			target = BD22139028933B1700A62B34 /* miniProject2 */;
			targetProxy = BD2213A828933B1900A62B34 /* PBXContainerItemProxy */;
		};
		BD2213B328933B1900A62B34 /* PBXTargetDependency */ = {
			isa = PBXTargetDependency;
			target = BD22139028933B1700A62B34 /* miniProject2 */;
			targetProxy = BD2213B228933B1900A62B34 /* PBXContainerItemProxy */;
		};
/* End PBXTargetDependency section */

/* Begin PBXVariantGroup section */
		BD22139A28933B1700A62B34 /* Main.storyboard */ = {
			isa = PBXVariantGroup;
			children = (
				BD22139B28933B1700A62B34 /* Base */,
			);
			name = Main.storyboard;
			sourceTree = "<group>";
		};
		BD22139F28933B1900A62B34 /* LaunchScreen.storyboard */ = {
			isa = PBXVariantGroup;
			children = (
				BD2213A028933B1900A62B34 /* Base */,
			);
			name = LaunchScreen.storyboard;
			sourceTree = "<group>";
		};
/* End PBXVariantGroup section */

/* Begin XCBuildConfiguration section */
		BD2213B928933B1900A62B34 /* Debug */ = {
			isa = XCBuildConfiguration;
			buildSettings = {
				ALWAYS_SEARCH_USER_PATHS = NO;
				CLANG_ANALYZER_NONNULL = YES;
				CLANG_ANALYZER_NUMBER_OBJECT_CONVERSION = YES_AGGRESSIVE;
				CLANG_CXX_LANGUAGE_STANDARD = "gnu++17";
				CLANG_ENABLE_MODULES = YES;
				CLANG_ENABLE_OBJC_ARC = YES;
				CLANG_ENABLE_OBJC_WEAK = YES;
				CLANG_WARN_BLOCK_CAPTURE_AUTORELEASING = YES;
				CLANG_WARN_BOOL_CONVERSION = YES;
				CLANG_WARN_COMMA = YES;
				CLANG_WARN_CONSTANT_CONVERSION = YES;
				CLANG_WARN_DEPRECATED_OBJC_IMPLEMENTATIONS = YES;
				CLANG_WARN_DIRECT_OBJC_ISA_USAGE = YES_ERROR;
				CLANG_WARN_DOCUMENTATION_COMMENTS = YES;
				CLANG_WARN_EMPTY_BODY = YES;
				CLANG_WARN_ENUM_CONVERSION = YES;
				CLANG_WARN_INFINITE_RECURSION = YES;
				CLANG_WARN_INT_CONVERSION = YES;
				CLANG_WARN_NON_LITERAL_NULL_CONVERSION = YES;
				CLANG_WARN_OBJC_IMPLICIT_RETAIN_SELF = YES;
				CLANG_WARN_OBJC_LITERAL_CONVERSION = YES;
				CLANG_WARN_OBJC_ROOT_CLASS = YES_ERROR;
				CLANG_WARN_QUOTED_INCLUDE_IN_FRAMEWORK_HEADER = YES;
				CLANG_WARN_RANGE_LOOP_ANALYSIS = YES;
				CLANG_WARN_STRICT_PROTOTYPES = YES;
				CLANG_WARN_SUSPICIOUS_MOVE = YES;
				CLANG_WARN_UNGUARDED_AVAILABILITY = YES_AGGRESSIVE;
				CLANG_WARN_UNREACHABLE_CODE = YES;
				CLANG_WARN__DUPLICATE_METHOD_MATCH = YES;
				COPY_PHASE_STRIP = NO;
				DEBUG_INFORMATION_FORMAT = dwarf;
				ENABLE_STRICT_OBJC_MSGSEND = YES;
				ENABLE_TESTABILITY = YES;
				GCC_C_LANGUAGE_STANDARD = gnu11;
				GCC_DYNAMIC_NO_PIC = NO;
				GCC_NO_COMMON_BLOCKS = YES;
				GCC_OPTIMIZATION_LEVEL = 0;
				GCC_PREPROCESSOR_DEFINITIONS = (
					"DEBUG=1",
					"$(inherited)",
				);
				GCC_WARN_64_TO_32_BIT_CONVERSION = YES;
				GCC_WARN_ABOUT_RETURN_TYPE = YES_ERROR;
				GCC_WARN_UNDECLARED_SELECTOR = YES;
				GCC_WARN_UNINITIALIZED_AUTOS = YES_AGGRESSIVE;
				GCC_WARN_UNUSED_FUNCTION = YES;
				GCC_WARN_UNUSED_VARIABLE = YES;
				IPHONEOS_DEPLOYMENT_TARGET = 15.5;
				MTL_ENABLE_DEBUG_INFO = INCLUDE_SOURCE;
				MTL_FAST_MATH = YES;
				ONLY_ACTIVE_ARCH = YES;
				SDKROOT = iphoneos;
				SWIFT_ACTIVE_COMPILATION_CONDITIONS = DEBUG;
				SWIFT_OPTIMIZATION_LEVEL = "-Onone";
			};
			name = Debug;
		};
		BD2213BA28933B1900A62B34 /* Release */ = {
			isa = XCBuildConfiguration;
			buildSettings = {
				ALWAYS_SEARCH_USER_PATHS = NO;
				CLANG_ANALYZER_NONNULL = YES;
				CLANG_ANALYZER_NUMBER_OBJECT_CONVERSION = YES_AGGRESSIVE;
				CLANG_CXX_LANGUAGE_STANDARD = "gnu++17";
				CLANG_ENABLE_MODULES = YES;
				CLANG_ENABLE_OBJC_ARC = YES;
				CLANG_ENABLE_OBJC_WEAK = YES;
				CLANG_WARN_BLOCK_CAPTURE_AUTORELEASING = YES;
				CLANG_WARN_BOOL_CONVERSION = YES;
				CLANG_WARN_COMMA = YES;
				CLANG_WARN_CONSTANT_CONVERSION = YES;
				CLANG_WARN_DEPRECATED_OBJC_IMPLEMENTATIONS = YES;
				CLANG_WARN_DIRECT_OBJC_ISA_USAGE = YES_ERROR;
				CLANG_WARN_DOCUMENTATION_COMMENTS = YES;
				CLANG_WARN_EMPTY_BODY = YES;
				CLANG_WARN_ENUM_CONVERSION = YES;
				CLANG_WARN_INFINITE_RECURSION = YES;
				CLANG_WARN_INT_CONVERSION = YES;
				CLANG_WARN_NON_LITERAL_NULL_CONVERSION = YES;
				CLANG_WARN_OBJC_IMPLICIT_RETAIN_SELF = YES;
				CLANG_WARN_OBJC_LITERAL_CONVERSION = YES;
				CLANG_WARN_OBJC_ROOT_CLASS = YES_ERROR;
				CLANG_WARN_QUOTED_INCLUDE_IN_FRAMEWORK_HEADER = YES;
				CLANG_WARN_RANGE_LOOP_ANALYSIS = YES;
				CLANG_WARN_STRICT_PROTOTYPES = YES;
				CLANG_WARN_SUSPICIOUS_MOVE = YES;
				CLANG_WARN_UNGUARDED_AVAILABILITY = YES_AGGRESSIVE;
				CLANG_WARN_UNREACHABLE_CODE = YES;
				CLANG_WARN__DUPLICATE_METHOD_MATCH = YES;
				COPY_PHASE_STRIP = NO;
				DEBUG_INFORMATION_FORMAT = "dwarf-with-dsym";
				ENABLE_NS_ASSERTIONS = NO;
				ENABLE_STRICT_OBJC_MSGSEND = YES;
				GCC_C_LANGUAGE_STANDARD = gnu11;
				GCC_NO_COMMON_BLOCKS = YES;
				GCC_WARN_64_TO_32_BIT_CONVERSION = YES;
				GCC_WARN_ABOUT_RETURN_TYPE = YES_ERROR;
				GCC_WARN_UNDECLARED_SELECTOR = YES;
				GCC_WARN_UNINITIALIZED_AUTOS = YES_AGGRESSIVE;
				GCC_WARN_UNUSED_FUNCTION = YES;
				GCC_WARN_UNUSED_VARIABLE = YES;
				IPHONEOS_DEPLOYMENT_TARGET = 15.5;
				MTL_ENABLE_DEBUG_INFO = NO;
				MTL_FAST_MATH = YES;
				SDKROOT = iphoneos;
				SWIFT_COMPILATION_MODE = wholemodule;
				SWIFT_OPTIMIZATION_LEVEL = "-O";
				VALIDATE_PRODUCT = YES;
			};
			name = Release;
		};
		BD2213BC28933B1900A62B34 /* Debug */ = {
			isa = XCBuildConfiguration;
			buildSettings = {
				ASSETCATALOG_COMPILER_APPICON_NAME = AppIcon;
				ASSETCATALOG_COMPILER_GLOBAL_ACCENT_COLOR_NAME = AccentColor;
				CODE_SIGN_STYLE = Automatic;
				CURRENT_PROJECT_VERSION = 1;
				GENERATE_INFOPLIST_FILE = YES;
				INFOPLIST_FILE = miniProject2/Info.plist;
				INFOPLIST_KEY_UIApplicationSupportsIndirectInputEvents = YES;
				INFOPLIST_KEY_UILaunchStoryboardName = LaunchScreen;
				INFOPLIST_KEY_UIMainStoryboardFile = Main;
				INFOPLIST_KEY_UISupportedInterfaceOrientations_iPad = "UIInterfaceOrientationPortrait UIInterfaceOrientationPortraitUpsideDown UIInterfaceOrientationLandscapeLeft UIInterfaceOrientationLandscapeRight";
				INFOPLIST_KEY_UISupportedInterfaceOrientations_iPhone = "UIInterfaceOrientationPortrait UIInterfaceOrientationLandscapeLeft UIInterfaceOrientationLandscapeRight";
				LD_RUNPATH_SEARCH_PATHS = (
					"$(inherited)",
					"@executable_path/Frameworks",
				);
				MARKETING_VERSION = 1.0;
				PRODUCT_BUNDLE_IDENTIFIER = kwk.miniProject2;
				PRODUCT_NAME = "$(TARGET_NAME)";
				SWIFT_EMIT_LOC_STRINGS = YES;
				SWIFT_VERSION = 5.0;
				TARGETED_DEVICE_FAMILY = "1,2";
			};
			name = Debug;
		};
		BD2213BD28933B1900A62B34 /* Release */ = {
			isa = XCBuildConfiguration;
			buildSettings = {
				ASSETCATALOG_COMPILER_APPICON_NAME = AppIcon;
				ASSETCATALOG_COMPILER_GLOBAL_ACCENT_COLOR_NAME = AccentColor;
				CODE_SIGN_STYLE = Automatic;
				CURRENT_PROJECT_VERSION = 1;
				GENERATE_INFOPLIST_FILE = YES;
				INFOPLIST_FILE = miniProject2/Info.plist;
				INFOPLIST_KEY_UIApplicationSupportsIndirectInputEvents = YES;
				INFOPLIST_KEY_UILaunchStoryboardName = LaunchScreen;
				INFOPLIST_KEY_UIMainStoryboardFile = Main;
				INFOPLIST_KEY_UISupportedInterfaceOrientations_iPad = "UIInterfaceOrientationPortrait UIInterfaceOrientationPortraitUpsideDown UIInterfaceOrientationLandscapeLeft UIInterfaceOrientationLandscapeRight";
				INFOPLIST_KEY_UISupportedInterfaceOrientations_iPhone = "UIInterfaceOrientationPortrait UIInterfaceOrientationLandscapeLeft UIInterfaceOrientationLandscapeRight";
				LD_RUNPATH_SEARCH_PATHS = (
					"$(inherited)",
					"@executable_path/Frameworks",
				);
				MARKETING_VERSION = 1.0;
				PRODUCT_BUNDLE_IDENTIFIER = kwk.miniProject2;
				PRODUCT_NAME = "$(TARGET_NAME)";
				SWIFT_EMIT_LOC_STRINGS = YES;
				SWIFT_VERSION = 5.0;
				TARGETED_DEVICE_FAMILY = "1,2";
			};
			name = Release;
		};
		BD2213BF28933B1900A62B34 /* Debug */ = {
			isa = XCBuildConfiguration;
			buildSettings = {
				ALWAYS_EMBED_SWIFT_STANDARD_LIBRARIES = YES;
				BUNDLE_LOADER = "$(TEST_HOST)";
				CODE_SIGN_STYLE = Automatic;
				CURRENT_PROJECT_VERSION = 1;
				GENERATE_INFOPLIST_FILE = YES;
				IPHONEOS_DEPLOYMENT_TARGET = 15.5;
				MARKETING_VERSION = 1.0;
				PRODUCT_BUNDLE_IDENTIFIER = kwk.miniProject2Tests;
				PRODUCT_NAME = "$(TARGET_NAME)";
				SWIFT_EMIT_LOC_STRINGS = NO;
				SWIFT_VERSION = 5.0;
				TARGETED_DEVICE_FAMILY = "1,2";
				TEST_HOST = "$(BUILT_PRODUCTS_DIR)/miniProject2.app/miniProject2";
			};
			name = Debug;
		};
		BD2213C028933B1900A62B34 /* Release */ = {
			isa = XCBuildConfiguration;
			buildSettings = {
				ALWAYS_EMBED_SWIFT_STANDARD_LIBRARIES = YES;
				BUNDLE_LOADER = "$(TEST_HOST)";
				CODE_SIGN_STYLE = Automatic;
				CURRENT_PROJECT_VERSION = 1;
				GENERATE_INFOPLIST_FILE = YES;
				IPHONEOS_DEPLOYMENT_TARGET = 15.5;
				MARKETING_VERSION = 1.0;
				PRODUCT_BUNDLE_IDENTIFIER = kwk.miniProject2Tests;
				PRODUCT_NAME = "$(TARGET_NAME)";
				SWIFT_EMIT_LOC_STRINGS = NO;
				SWIFT_VERSION = 5.0;
				TARGETED_DEVICE_FAMILY = "1,2";
				TEST_HOST = "$(BUILT_PRODUCTS_DIR)/miniProject2.app/miniProject2";
			};
			name = Release;
		};
		BD2213C228933B1900A62B34 /* Debug */ = {
			isa = XCBuildConfiguration;
			buildSettings = {
				ALWAYS_EMBED_SWIFT_STANDARD_LIBRARIES = YES;
				CODE_SIGN_STYLE = Automatic;
				CURRENT_PROJECT_VERSION = 1;
				GENERATE_INFOPLIST_FILE = YES;
				MARKETING_VERSION = 1.0;
				PRODUCT_BUNDLE_IDENTIFIER = kwk.miniProject2UITests;
				PRODUCT_NAME = "$(TARGET_NAME)";
				SWIFT_EMIT_LOC_STRINGS = NO;
				SWIFT_VERSION = 5.0;
				TARGETED_DEVICE_FAMILY = "1,2";
				TEST_TARGET_NAME = miniProject2;
			};
			name = Debug;
		};
		BD2213C328933B1900A62B34 /* Release */ = {
			isa = XCBuildConfiguration;
			buildSettings = {
				ALWAYS_EMBED_SWIFT_STANDARD_LIBRARIES = YES;
				CODE_SIGN_STYLE = Automatic;
				CURRENT_PROJECT_VERSION = 1;
				GENERATE_INFOPLIST_FILE = YES;
				MARKETING_VERSION = 1.0;
				PRODUCT_BUNDLE_IDENTIFIER = kwk.miniProject2UITests;
				PRODUCT_NAME = "$(TARGET_NAME)";
				SWIFT_EMIT_LOC_STRINGS = NO;
				SWIFT_VERSION = 5.0;
				TARGETED_DEVICE_FAMILY = "1,2";
				TEST_TARGET_NAME = miniProject2;
			};
			name = Release;
		};
/* End XCBuildConfiguration section */

/* Begin XCConfigurationList section */
		BD22138C28933B1700A62B34 /* Build configuration list for PBXProject "miniProject2" */ = {
			isa = XCConfigurationList;
			buildConfigurations = (
				BD2213B928933B1900A62B34 /* Debug */,
				BD2213BA28933B1900A62B34 /* Release */,
			);
			defaultConfigurationIsVisible = 0;
			defaultConfigurationName = Release;
		};
		BD2213BB28933B1900A62B34 /* Build configuration list for PBXNativeTarget "miniProject2" */ = {
			isa = XCConfigurationList;
			buildConfigurations = (
				BD2213BC28933B1900A62B34 /* Debug */,
				BD2213BD28933B1900A62B34 /* Release */,
			);
			defaultConfigurationIsVisible = 0;
			defaultConfigurationName = Release;
		};
		BD2213BE28933B1900A62B34 /* Build configuration list for PBXNativeTarget "miniProject2Tests" */ = {
			isa = XCConfigurationList;
			buildConfigurations = (
				BD2213BF28933B1900A62B34 /* Debug */,
				BD2213C028933B1900A62B34 /* Release */,
			);
			defaultConfigurationIsVisible = 0;
			defaultConfigurationName = Release;
		};
		BD2213C128933B1900A62B34 /* Build configuration list for PBXNativeTarget "miniProject2UITests" */ = {
			isa = XCConfigurationList;
			buildConfigurations = (
				BD2213C228933B1900A62B34 /* Debug */,
				BD2213C328933B1900A62B34 /* Release */,
			);
			defaultConfigurationIsVisible = 0;
			defaultConfigurationName = Release;
		};
/* End XCConfigurationList section */
	};
	rootObject = BD22138928933B1700A62B34 /* Project object */;
}
